{
  "name": "ajs_node",
  "version": "1.0.0",
  "lockfileVersion": 2,
  "requires": true,
  "packages": {
    "": {
      "name": "ajs_node",
      "version": "1.0.0",
      "license": "ISC",
      "dependencies": {
        "@dolinin2021/ajs": "^1.0.0"
      }
    },
    "node_modules/@dolinin2021/ajs": {
      "version": "1.0.0",
      "resolved": "https://npm.pkg.github.com/download/@dolinin2021/ajs/1.0.0/cfbe8a38d3641fbc97cc1f962c60299bcc52632b",
      "integrity": "sha512-fZC++n6U4uOAmN7frTmGEc6bdDIV8C3BobAtEKsok65mbrIVyzpB4je2oQSqubFzlKhw7bs67h7MwXvL2lyilA==",
      "license": "ISC"
    }
  },
  "dependencies": {
    "@dolinin2021/ajs": {
      "version": "1.0.0",
      "resolved": "https://npm.pkg.github.com/download/@dolinin2021/ajs/1.0.0/cfbe8a38d3641fbc97cc1f962c60299bcc52632b",
      "integrity": "sha512-fZC++n6U4uOAmN7frTmGEc6bdDIV8C3BobAtEKsok65mbrIVyzpB4je2oQSqubFzlKhw7bs67h7MwXvL2lyilA=="
    }
  }
}
